
Microsoft Visual Studio Solution File, Format Version 12.00
# Visual Studio Version 16
VisualStudioVersion = 16.0.29521.150
MinimumVisualStudioVersion = 10.0.40219.1
Project("{FAE04EC0-301F-11D3-BF4B-00C04F79EFBC}") = "ETL_POC", "ETL_POC\ETL_POC.csproj", "{382A318C-A6DD-4749-A8B6-B30C357C3FBD}"
EndProject
Global
	GlobalSection(SolutionConfigurationPlatforms) = preSolution
		Debug|Any CPU = Debug|Any CPU
		Release|Any CPU = Release|Any CPU
	EndGlobalSection
	GlobalSection(ProjectConfigurationPlatforms) = postSolution
		{382A318C-A6DD-4749-A8B6-B30C357C3FBD}.Debug|Any CPU.ActiveCfg = Debug|Any CPU
		{382A318C-A6DD-4749-A8B6-B30C357C3FBD}.Debug|Any CPU.Build.0 = Debug|Any CPU
		{382A318C-A6DD-4749-A8B6-B30C357C3FBD}.Release|Any CPU.ActiveCfg = Release|Any CPU
		{382A318C-A6DD-4749-A8B6-B30C357C3FBD}.Release|Any CPU.Build.0 = Release|Any CPU
	EndGlobalSection
	GlobalSection(SolutionProperties) = preSolution
		HideSolutionNode = FALSE
	EndGlobalSection
	GlobalSection(ExtensibilityGlobals) = postSolution
		SolutionGuid = {FD608023-7E85-478E-A746-EDB91AE9265E}
	EndGlobalSection
EndGlobal
